
Microsoft Visual Studio Solution File, Format Version 12.00
# Visual Studio 14
VisualStudioVersion = 14.0.25420.1
MinimumVisualStudioVersion = 10.0.40219.1
Project("{FAE04EC0-301F-11D3-BF4B-00C04F79EFBC}") = "Justus.QuestApp.AbstractLayer", "Justus.QuestApp.AbstractLayer\Justus.QuestApp.AbstractLayer.csproj", "{9D27BB00-D325-4644-B1D2-B13196C4D8AC}"
EndProject
Project("{2150E333-8FDC-42A3-9474-1A3956D46DE8}") = "assemblies", "assemblies", "{58D74921-E6B8-4C46-9963-D8950F5CA484}"
EndProject
Project("{2150E333-8FDC-42A3-9474-1A3956D46DE8}") = "tests", "tests", "{ABF62E69-20D2-4DBE-B078-D539D2557A3A}"
EndProject
Project("{FAE04EC0-301F-11D3-BF4B-00C04F79EFBC}") = "Justus.QuestApp.DataLayer", "Justus.QuestApp.DataLayer\Justus.QuestApp.DataLayer.csproj", "{B75CF226-5D52-4A6D-A6FD-2E755D80AA57}"
EndProject
Project("{FAE04EC0-301F-11D3-BF4B-00C04F79EFBC}") = "Justus.QuestApp.DataLayer.UnitTests", "Justus.QuestApp.DataLayer.UnitTests\Justus.QuestApp.DataLayer.UnitTests.csproj", "{C980A536-098D-4C37-BF48-129B89703A36}"
EndProject
Project("{FAE04EC0-301F-11D3-BF4B-00C04F79EFBC}") = "Justus.QuestApp.ModelLayer", "Justus.QuestApp.ModelLayer\Justus.QuestApp.ModelLayer.csproj", "{72C61B17-7E0A-4C31-9AB4-2A5E0935166E}"
	ProjectSection(ProjectDependencies) = postProject
		{9D27BB00-D325-4644-B1D2-B13196C4D8AC} = {9D27BB00-D325-4644-B1D2-B13196C4D8AC}
		{B75CF226-5D52-4A6D-A6FD-2E755D80AA57} = {B75CF226-5D52-4A6D-A6FD-2E755D80AA57}
	EndProjectSection
EndProject
Project("{FAE04EC0-301F-11D3-BF4B-00C04F79EFBC}") = "Justus.QuestApp.ModelLayer.UnitTests", "Justus.QuestApp.ModelLayer.UnitTests\Justus.QuestApp.ModelLayer.UnitTests.csproj", "{8E6D973A-E1AE-46F6-B1BB-A8F10072C0A0}"
EndProject
Project("{2150E333-8FDC-42A3-9474-1A3956D46DE8}") = "applications", "applications", "{4C09182D-448F-4D03-82EC-627A98328601}"
EndProject
Project("{2150E333-8FDC-42A3-9474-1A3956D46DE8}") = "Crossplatform", "Crossplatform", "{2840AFE9-04D4-4B9F-ABF9-0BE1548BD05D}"
EndProject
Project("{FAE04EC0-301F-11D3-BF4B-00C04F79EFBC}") = "Justus.QuestApp.ViewModelLayer", "Justus.QuestApp.ViewModelLayer\Justus.QuestApp.ViewModelLayer.csproj", "{0B2A3D17-4CAA-4435-9277-7029BF568E48}"
EndProject
Project("{FAE04EC0-301F-11D3-BF4B-00C04F79EFBC}") = "Justus.QuestApp.ViewModelLayer.UnitTests", "Justus.QuestApp.ViewModelLayer.UnitTests\Justus.QuestApp.ViewModelLayer.UnitTests.csproj", "{2C490CAC-F021-4F5A-878A-125EE6C222B3}"
EndProject
Project("{2150E333-8FDC-42A3-9474-1A3956D46DE8}") = "Android", "Android", "{CC753F37-A070-4096-9C1F-3EB9FAA11D87}"
EndProject
Project("{FAE04EC0-301F-11D3-BF4B-00C04F79EFBC}") = "Justus.QuestApp.View.Droid", "Justus.QuestApp.View.Droid\Justus.QuestApp.View.Droid.csproj", "{4B9078BD-48B9-47AC-8F7D-5488E7E69121}"
EndProject
Project("{FAE04EC0-301F-11D3-BF4B-00C04F79EFBC}") = "Justus.QuestApp.ServiceLayer", "Justus.QuestApp.ServiceLayer\Justus.QuestApp.ServiceLayer.csproj", "{7A24E8F9-8C17-4617-BB96-127999A1ECCF}"
EndProject
Global
	GlobalSection(SolutionConfigurationPlatforms) = preSolution
		Debug|Any CPU = Debug|Any CPU
		Release|Any CPU = Release|Any CPU
	EndGlobalSection
	GlobalSection(ProjectConfigurationPlatforms) = postSolution
		{9D27BB00-D325-4644-B1D2-B13196C4D8AC}.Debug|Any CPU.ActiveCfg = Debug|Any CPU
		{9D27BB00-D325-4644-B1D2-B13196C4D8AC}.Debug|Any CPU.Build.0 = Debug|Any CPU
		{9D27BB00-D325-4644-B1D2-B13196C4D8AC}.Release|Any CPU.ActiveCfg = Release|Any CPU
		{9D27BB00-D325-4644-B1D2-B13196C4D8AC}.Release|Any CPU.Build.0 = Release|Any CPU
		{B75CF226-5D52-4A6D-A6FD-2E755D80AA57}.Debug|Any CPU.ActiveCfg = Debug|Any CPU
		{B75CF226-5D52-4A6D-A6FD-2E755D80AA57}.Debug|Any CPU.Build.0 = Debug|Any CPU
		{B75CF226-5D52-4A6D-A6FD-2E755D80AA57}.Release|Any CPU.ActiveCfg = Release|Any CPU
		{B75CF226-5D52-4A6D-A6FD-2E755D80AA57}.Release|Any CPU.Build.0 = Release|Any CPU
		{C980A536-098D-4C37-BF48-129B89703A36}.Debug|Any CPU.ActiveCfg = Debug|Any CPU
		{C980A536-098D-4C37-BF48-129B89703A36}.Debug|Any CPU.Build.0 = Debug|Any CPU
		{C980A536-098D-4C37-BF48-129B89703A36}.Release|Any CPU.ActiveCfg = Release|Any CPU
		{C980A536-098D-4C37-BF48-129B89703A36}.Release|Any CPU.Build.0 = Release|Any CPU
		{72C61B17-7E0A-4C31-9AB4-2A5E0935166E}.Debug|Any CPU.ActiveCfg = Debug|Any CPU
		{72C61B17-7E0A-4C31-9AB4-2A5E0935166E}.Debug|Any CPU.Build.0 = Debug|Any CPU
		{72C61B17-7E0A-4C31-9AB4-2A5E0935166E}.Release|Any CPU.ActiveCfg = Release|Any CPU
		{72C61B17-7E0A-4C31-9AB4-2A5E0935166E}.Release|Any CPU.Build.0 = Release|Any CPU
		{8E6D973A-E1AE-46F6-B1BB-A8F10072C0A0}.Debug|Any CPU.ActiveCfg = Debug|Any CPU
		{8E6D973A-E1AE-46F6-B1BB-A8F10072C0A0}.Debug|Any CPU.Build.0 = Debug|Any CPU
		{8E6D973A-E1AE-46F6-B1BB-A8F10072C0A0}.Release|Any CPU.ActiveCfg = Release|Any CPU
		{8E6D973A-E1AE-46F6-B1BB-A8F10072C0A0}.Release|Any CPU.Build.0 = Release|Any CPU
		{0B2A3D17-4CAA-4435-9277-7029BF568E48}.Debug|Any CPU.ActiveCfg = Debug|Any CPU
		{0B2A3D17-4CAA-4435-9277-7029BF568E48}.Debug|Any CPU.Build.0 = Debug|Any CPU
		{0B2A3D17-4CAA-4435-9277-7029BF568E48}.Release|Any CPU.ActiveCfg = Release|Any CPU
		{0B2A3D17-4CAA-4435-9277-7029BF568E48}.Release|Any CPU.Build.0 = Release|Any CPU
		{2C490CAC-F021-4F5A-878A-125EE6C222B3}.Debug|Any CPU.ActiveCfg = Debug|Any CPU
		{2C490CAC-F021-4F5A-878A-125EE6C222B3}.Debug|Any CPU.Build.0 = Debug|Any CPU
		{2C490CAC-F021-4F5A-878A-125EE6C222B3}.Release|Any CPU.ActiveCfg = Release|Any CPU
		{2C490CAC-F021-4F5A-878A-125EE6C222B3}.Release|Any CPU.Build.0 = Release|Any CPU
		{4B9078BD-48B9-47AC-8F7D-5488E7E69121}.Debug|Any CPU.ActiveCfg = Debug|Any CPU
		{4B9078BD-48B9-47AC-8F7D-5488E7E69121}.Debug|Any CPU.Build.0 = Debug|Any CPU
		{4B9078BD-48B9-47AC-8F7D-5488E7E69121}.Debug|Any CPU.Deploy.0 = Debug|Any CPU
		{4B9078BD-48B9-47AC-8F7D-5488E7E69121}.Release|Any CPU.ActiveCfg = Release|Any CPU
		{4B9078BD-48B9-47AC-8F7D-5488E7E69121}.Release|Any CPU.Build.0 = Release|Any CPU
		{4B9078BD-48B9-47AC-8F7D-5488E7E69121}.Release|Any CPU.Deploy.0 = Release|Any CPU
		{7A24E8F9-8C17-4617-BB96-127999A1ECCF}.Debug|Any CPU.ActiveCfg = Debug|Any CPU
		{7A24E8F9-8C17-4617-BB96-127999A1ECCF}.Debug|Any CPU.Build.0 = Debug|Any CPU
		{7A24E8F9-8C17-4617-BB96-127999A1ECCF}.Release|Any CPU.ActiveCfg = Release|Any CPU
		{7A24E8F9-8C17-4617-BB96-127999A1ECCF}.Release|Any CPU.Build.0 = Release|Any CPU
	EndGlobalSection
	GlobalSection(SolutionProperties) = preSolution
		HideSolutionNode = FALSE
	EndGlobalSection
	GlobalSection(NestedProjects) = preSolution
		{9D27BB00-D325-4644-B1D2-B13196C4D8AC} = {2840AFE9-04D4-4B9F-ABF9-0BE1548BD05D}
		{B75CF226-5D52-4A6D-A6FD-2E755D80AA57} = {2840AFE9-04D4-4B9F-ABF9-0BE1548BD05D}
		{C980A536-098D-4C37-BF48-129B89703A36} = {ABF62E69-20D2-4DBE-B078-D539D2557A3A}
		{72C61B17-7E0A-4C31-9AB4-2A5E0935166E} = {2840AFE9-04D4-4B9F-ABF9-0BE1548BD05D}
		{8E6D973A-E1AE-46F6-B1BB-A8F10072C0A0} = {ABF62E69-20D2-4DBE-B078-D539D2557A3A}
		{2840AFE9-04D4-4B9F-ABF9-0BE1548BD05D} = {58D74921-E6B8-4C46-9963-D8950F5CA484}
		{0B2A3D17-4CAA-4435-9277-7029BF568E48} = {2840AFE9-04D4-4B9F-ABF9-0BE1548BD05D}
		{2C490CAC-F021-4F5A-878A-125EE6C222B3} = {ABF62E69-20D2-4DBE-B078-D539D2557A3A}
		{CC753F37-A070-4096-9C1F-3EB9FAA11D87} = {58D74921-E6B8-4C46-9963-D8950F5CA484}
		{4B9078BD-48B9-47AC-8F7D-5488E7E69121} = {CC753F37-A070-4096-9C1F-3EB9FAA11D87}
		{7A24E8F9-8C17-4617-BB96-127999A1ECCF} = {2840AFE9-04D4-4B9F-ABF9-0BE1548BD05D}
	EndGlobalSection
EndGlobal
